
Microsoft Visual Studio Solution File, Format Version 12.00
# Visual Studio Version 16
VisualStudioVersion = 16.0.30204.135
MinimumVisualStudioVersion = 10.0.40219.1
Project("{FAE04EC0-301F-11D3-BF4B-00C04F79EFBC}") = "ConsoleApplication", "ConsoleApplication\ConsoleApplication.csproj", "{288322D2-1168-4261-BECD-B3807D993E7E}"
EndProject
Global
	GlobalSection(SolutionConfigurationPlatforms) = preSolution
		Debug|Any CPU = Debug|Any CPU
		Release|Any CPU = Release|Any CPU
	EndGlobalSection
	GlobalSection(ProjectConfigurationPlatforms) = postSolution
		{288322D2-1168-4261-BECD-B3807D993E7E}.Debug|Any CPU.ActiveCfg = Debug|Any CPU
		{288322D2-1168-4261-BECD-B3807D993E7E}.Debug|Any CPU.Build.0 = Debug|Any CPU
		{288322D2-1168-4261-BECD-B3807D993E7E}.Release|Any CPU.ActiveCfg = Release|Any CPU
		{288322D2-1168-4261-BECD-B3807D993E7E}.Release|Any CPU.Build.0 = Release|Any CPU
	EndGlobalSection
	GlobalSection(SolutionProperties) = preSolution
		HideSolutionNode = FALSE
	EndGlobalSection
	GlobalSection(ExtensibilityGlobals) = postSolution
		SolutionGuid = {745C4E67-49A8-4EAC-ABF6-375FF32DB09C}
	EndGlobalSection
EndGlobal
